{
  "name": "Workspace",
  "version": "1.0.0",
  "lockfileVersion": 1,
  "requires": true,
  "dependencies": {
    "codemirror": {
      "version": "5.28.0",
      "resolved": "https://registry.npmjs.org/codemirror/-/codemirror-5.28.0.tgz",
      "integrity": "sha512-E/Z6050shti9v9ivl0dUClVRM4xaH204jsJmEpNYC6KDTlQwAz+5DdhLzn0tjaL/Mp1P0J1uhZokcSP2RFSwlA=="
    }
  }
}
